{
  "name": "frontendmentor",
  "version": "0.0.1",
  "lockfileVersion": 2,
  "requires": true,
  "packages": {
    "": {
      "name": "frontendmentor",
      "version": "0.0.1",
      "license": "ISC",
      "dependencies": {
        "markdown-title": "^1.0.2"
      }
    },
    "node_modules/markdown-title": {
      "version": "1.0.2",
      "resolved": "https://registry.npmjs.org/markdown-title/-/markdown-title-1.0.2.tgz",
      "integrity": "sha512-MqIQVVkz+uGEHi3TsHx/czcxxCbRIL7sv5K5DnYw/tI+apY54IbPefV/cmgxp6LoJSEx/TqcHdLs/298afG5QQ==",
      "engines": {
        "node": ">=6"
      }
    }
  },
  "dependencies": {
    "markdown-title": {
      "version": "1.0.2",
      "resolved": "https://registry.npmjs.org/markdown-title/-/markdown-title-1.0.2.tgz",
      "integrity": "sha512-MqIQVVkz+uGEHi3TsHx/czcxxCbRIL7sv5K5DnYw/tI+apY54IbPefV/cmgxp6LoJSEx/TqcHdLs/298afG5QQ=="
    }
  }
}
